// !$*UTF8*$!
{
	archiveVersion = 1;
	classes = {
	};
	objectVersion = 48;
	objects = {

/* Begin PBXBuildFile section */
		F9309EE71FFF33AE009C014D /* objects.swift in Sources */ = {isa = PBXBuildFile; fileRef = F9309EE61FFF33AE009C014D /* objects.swift */; };
		F959D2001FFD8353008F14DF /* CIView.swift in Sources */ = {isa = PBXBuildFile; fileRef = F959D1FF1FFD8353008F14DF /* CIView.swift */; };
		F9F016641FFC6E1C00D5DD3D /* AppDelegate.swift in Sources */ = {isa = PBXBuildFile; fileRef = F9F016631FFC6E1C00D5DD3D /* AppDelegate.swift */; };
		F9F016661FFC6E1C00D5DD3D /* ViewController.swift in Sources */ = {isa = PBXBuildFile; fileRef = F9F016651FFC6E1C00D5DD3D /* ViewController.swift */; };
		F9F016681FFC6E1C00D5DD3D /* Assets.xcassets in Resources */ = {isa = PBXBuildFile; fileRef = F9F016671FFC6E1C00D5DD3D /* Assets.xcassets */; };
		F9F0166B1FFC6E1C00D5DD3D /* Main.storyboard in Resources */ = {isa = PBXBuildFile; fileRef = F9F016691FFC6E1C00D5DD3D /* Main.storyboard */; };
		F9F016771FFC6E1C00D5DD3D /* RayTracerTests.swift in Sources */ = {isa = PBXBuildFile; fileRef = F9F016761FFC6E1C00D5DD3D /* RayTracerTests.swift */; };
		F9F016841FFC6EEA00D5DD3D /* ray.swift in Sources */ = {isa = PBXBuildFile; fileRef = F9F016831FFC6EEA00D5DD3D /* ray.swift */; };
		F9F016861FFC6F2100D5DD3D /* pixel.swift in Sources */ = {isa = PBXBuildFile; fileRef = F9F016851FFC6F2100D5DD3D /* pixel.swift */; };
/* End PBXBuildFile section */

/* Begin PBXContainerItemProxy section */
		F9F016731FFC6E1C00D5DD3D /* PBXContainerItemProxy */ = {
			isa = PBXContainerItemProxy;
			containerPortal = F9F016581FFC6E1C00D5DD3D /* Project object */;
			proxyType = 1;
			remoteGlobalIDString = F9F0165F1FFC6E1C00D5DD3D;
			remoteInfo = RayTracer;
		};
/* End PBXContainerItemProxy section */

/* Begin PBXFileReference section */
		F9309EE61FFF33AE009C014D /* objects.swift */ = {isa = PBXFileReference; lastKnownFileType = sourcecode.swift; path = objects.swift; sourceTree = "<group>"; };
		F959D1FF1FFD8353008F14DF /* CIView.swift */ = {isa = PBXFileReference; lastKnownFileType = sourcecode.swift; path = CIView.swift; sourceTree = "<group>"; };
		F9F016601FFC6E1C00D5DD3D /* RayTracer.app */ = {isa = PBXFileReference; explicitFileType = wrapper.application; includeInIndex = 0; path = RayTracer.app; sourceTree = BUILT_PRODUCTS_DIR; };
		F9F016631FFC6E1C00D5DD3D /* AppDelegate.swift */ = {isa = PBXFileReference; lastKnownFileType = sourcecode.swift; path = AppDelegate.swift; sourceTree = "<group>"; };
		F9F016651FFC6E1C00D5DD3D /* ViewController.swift */ = {isa = PBXFileReference; lastKnownFileType = sourcecode.swift; path = ViewController.swift; sourceTree = "<group>"; };
		F9F016671FFC6E1C00D5DD3D /* Assets.xcassets */ = {isa = PBXFileReference; lastKnownFileType = folder.assetcatalog; path = Assets.xcassets; sourceTree = "<group>"; };
		F9F0166A1FFC6E1C00D5DD3D /* Base */ = {isa = PBXFileReference; lastKnownFileType = file.storyboard; name = Base; path = Base.lproj/Main.storyboard; sourceTree = "<group>"; };
		F9F0166C1FFC6E1C00D5DD3D /* Info.plist */ = {isa = PBXFileReference; lastKnownFileType = text.plist.xml; path = Info.plist; sourceTree = "<group>"; };
		F9F0166D1FFC6E1C00D5DD3D /* RayTracer.entitlements */ = {isa = PBXFileReference; lastKnownFileType = text.plist.entitlements; path = RayTracer.entitlements; sourceTree = "<group>"; };
		F9F016721FFC6E1C00D5DD3D /* RayTracerTests.xctest */ = {isa = PBXFileReference; explicitFileType = wrapper.cfbundle; includeInIndex = 0; path = RayTracerTests.xctest; sourceTree = BUILT_PRODUCTS_DIR; };
		F9F016761FFC6E1C00D5DD3D /* RayTracerTests.swift */ = {isa = PBXFileReference; lastKnownFileType = sourcecode.swift; path = RayTracerTests.swift; sourceTree = "<group>"; };
		F9F016781FFC6E1C00D5DD3D /* Info.plist */ = {isa = PBXFileReference; lastKnownFileType = text.plist.xml; path = Info.plist; sourceTree = "<group>"; };
		F9F016831FFC6EEA00D5DD3D /* ray.swift */ = {isa = PBXFileReference; lastKnownFileType = sourcecode.swift; path = ray.swift; sourceTree = "<group>"; };
		F9F016851FFC6F2100D5DD3D /* pixel.swift */ = {isa = PBXFileReference; lastKnownFileType = sourcecode.swift; path = pixel.swift; sourceTree = "<group>"; };
/* End PBXFileReference section */

/* Begin PBXFrameworksBuildPhase section */
		F9F0165D1FFC6E1C00D5DD3D /* Frameworks */ = {
			isa = PBXFrameworksBuildPhase;
			buildActionMask = 2147483647;
			files = (
			);
			runOnlyForDeploymentPostprocessing = 0;
		};
		F9F0166F1FFC6E1C00D5DD3D /* Frameworks */ = {
			isa = PBXFrameworksBuildPhase;
			buildActionMask = 2147483647;
			files = (
			);
			runOnlyForDeploymentPostprocessing = 0;
		};
/* End PBXFrameworksBuildPhase section */

/* Begin PBXGroup section */
		F9F016571FFC6E1C00D5DD3D = {
			isa = PBXGroup;
			children = (
				F9F016621FFC6E1C00D5DD3D /* RayTracer */,
				F9F016751FFC6E1C00D5DD3D /* RayTracerTests */,
				F9F016611FFC6E1C00D5DD3D /* Products */,
			);
			sourceTree = "<group>";
		};
		F9F016611FFC6E1C00D5DD3D /* Products */ = {
			isa = PBXGroup;
			children = (
				F9F016601FFC6E1C00D5DD3D /* RayTracer.app */,
				F9F016721FFC6E1C00D5DD3D /* RayTracerTests.xctest */,
			);
			name = Products;
			sourceTree = "<group>";
		};
		F9F016621FFC6E1C00D5DD3D /* RayTracer */ = {
			isa = PBXGroup;
			children = (
				F9F016831FFC6EEA00D5DD3D /* ray.swift */,
				F9F016851FFC6F2100D5DD3D /* pixel.swift */,
				F9F016631FFC6E1C00D5DD3D /* AppDelegate.swift */,
				F9F016651FFC6E1C00D5DD3D /* ViewController.swift */,
				F9F016671FFC6E1C00D5DD3D /* Assets.xcassets */,
				F9F016691FFC6E1C00D5DD3D /* Main.storyboard */,
				F959D1FF1FFD8353008F14DF /* CIView.swift */,
				F9F0166C1FFC6E1C00D5DD3D /* Info.plist */,
				F9F0166D1FFC6E1C00D5DD3D /* RayTracer.entitlements */,
				F9309EE61FFF33AE009C014D /* objects.swift */,
			);
			path = RayTracer;
			sourceTree = "<group>";
		};
		F9F016751FFC6E1C00D5DD3D /* RayTracerTests */ = {
			isa = PBXGroup;
			children = (
				F9F016761FFC6E1C00D5DD3D /* RayTracerTests.swift */,
				F9F016781FFC6E1C00D5DD3D /* Info.plist */,
			);
			path = RayTracerTests;
			sourceTree = "<group>";
		};
/* End PBXGroup section */

/* Begin PBXNativeTarget section */
		F9F0165F1FFC6E1C00D5DD3D /* RayTracer */ = {
			isa = PBXNativeTarget;
			buildConfigurationList = F9F0167B1FFC6E1C00D5DD3D /* Build configuration list for PBXNativeTarget "RayTracer" */;
			buildPhases = (
				F9F0165C1FFC6E1C00D5DD3D /* Sources */,
				F9F0165D1FFC6E1C00D5DD3D /* Frameworks */,
				F9F0165E1FFC6E1C00D5DD3D /* Resources */,
			);
			buildRules = (
			);
			dependencies = (
			);
			name = RayTracer;
			productName = RayTracer;
			productReference = F9F016601FFC6E1C00D5DD3D /* RayTracer.app */;
			productType = "com.apple.product-type.application";
		};
		F9F016711FFC6E1C00D5DD3D /* RayTracerTests */ = {
			isa = PBXNativeTarget;
			buildConfigurationList = F9F0167E1FFC6E1C00D5DD3D /* Build configuration list for PBXNativeTarget "RayTracerTests" */;
			buildPhases = (
				F9F0166E1FFC6E1C00D5DD3D /* Sources */,
				F9F0166F1FFC6E1C00D5DD3D /* Frameworks */,
				F9F016701FFC6E1C00D5DD3D /* Resources */,
			);
			buildRules = (
			);
			dependencies = (
				F9F016741FFC6E1C00D5DD3D /* PBXTargetDependency */,
			);
			name = RayTracerTests;
			productName = RayTracerTests;
			productReference = F9F016721FFC6E1C00D5DD3D /* RayTracerTests.xctest */;
			productType = "com.apple.product-type.bundle.unit-test";
		};
/* End PBXNativeTarget section */

/* Begin PBXProject section */
		F9F016581FFC6E1C00D5DD3D /* Project object */ = {
			isa = PBXProject;
			attributes = {
				LastSwiftUpdateCheck = 0920;
				LastUpgradeCheck = 0920;
				ORGANIZATIONNAME = "Ayy Lmao LLC";
				TargetAttributes = {
					F9F0165F1FFC6E1C00D5DD3D = {
						CreatedOnToolsVersion = 9.2;
						ProvisioningStyle = Automatic;
					};
					F9F016711FFC6E1C00D5DD3D = {
						CreatedOnToolsVersion = 9.2;
						ProvisioningStyle = Automatic;
						TestTargetID = F9F0165F1FFC6E1C00D5DD3D;
					};
				};
			};
			buildConfigurationList = F9F0165B1FFC6E1C00D5DD3D /* Build configuration list for PBXProject "RayTracer" */;
			compatibilityVersion = "Xcode 8.0";
			developmentRegion = en;
			hasScannedForEncodings = 0;
			knownRegions = (
				en,
				Base,
			);
			mainGroup = F9F016571FFC6E1C00D5DD3D;
			productRefGroup = F9F016611FFC6E1C00D5DD3D /* Products */;
			projectDirPath = "";
			projectRoot = "";
			targets = (
				F9F0165F1FFC6E1C00D5DD3D /* RayTracer */,
				F9F016711FFC6E1C00D5DD3D /* RayTracerTests */,
			);
		};
/* End PBXProject section */

/* Begin PBXResourcesBuildPhase section */
		F9F0165E1FFC6E1C00D5DD3D /* Resources */ = {
			isa = PBXResourcesBuildPhase;
			buildActionMask = 2147483647;
			files = (
				F9F016681FFC6E1C00D5DD3D /* Assets.xcassets in Resources */,
				F9F0166B1FFC6E1C00D5DD3D /* Main.storyboard in Resources */,
			);
			runOnlyForDeploymentPostprocessing = 0;
		};
		F9F016701FFC6E1C00D5DD3D /* Resources */ = {
			isa = PBXResourcesBuildPhase;
			buildActionMask = 2147483647;
			files = (
			);
			runOnlyForDeploymentPostprocessing = 0;
		};
/* End PBXResourcesBuildPhase section */

/* Begin PBXSourcesBuildPhase section */
		F9F0165C1FFC6E1C00D5DD3D /* Sources */ = {
			isa = PBXSourcesBuildPhase;
			buildActionMask = 2147483647;
			files = (
				F9309EE71FFF33AE009C014D /* objects.swift in Sources */,
				F9F016841FFC6EEA00D5DD3D /* ray.swift in Sources */,
				F9F016661FFC6E1C00D5DD3D /* ViewController.swift in Sources */,
				F959D2001FFD8353008F14DF /* CIView.swift in Sources */,
				F9F016861FFC6F2100D5DD3D /* pixel.swift in Sources */,
				F9F016641FFC6E1C00D5DD3D /* AppDelegate.swift in Sources */,
			);
			runOnlyForDeploymentPostprocessing = 0;
		};
		F9F0166E1FFC6E1C00D5DD3D /* Sources */ = {
			isa = PBXSourcesBuildPhase;
			buildActionMask = 2147483647;
			files = (
				F9F016771FFC6E1C00D5DD3D /* RayTracerTests.swift in Sources */,
			);
			runOnlyForDeploymentPostprocessing = 0;
		};
/* End PBXSourcesBuildPhase section */

/* Begin PBXTargetDependency section */
		F9F016741FFC6E1C00D5DD3D /* PBXTargetDependency */ = {
			isa = PBXTargetDependency;
			target = F9F0165F1FFC6E1C00D5DD3D /* RayTracer */;
			targetProxy = F9F016731FFC6E1C00D5DD3D /* PBXContainerItemProxy */;
		};
/* End PBXTargetDependency section */

/* Begin PBXVariantGroup section */
		F9F016691FFC6E1C00D5DD3D /* Main.storyboard */ = {
			isa = PBXVariantGroup;
			children = (
				F9F0166A1FFC6E1C00D5DD3D /* Base */,
			);
			name = Main.storyboard;
			sourceTree = "<group>";
		};
/* End PBXVariantGroup section */

/* Begin XCBuildConfiguration section */
		F9F016791FFC6E1C00D5DD3D /* Debug */ = {
			isa = XCBuildConfiguration;
			buildSettings = {
				ALWAYS_SEARCH_USER_PATHS = NO;
				CLANG_ANALYZER_NONNULL = YES;
				CLANG_ANALYZER_NUMBER_OBJECT_CONVERSION = YES_AGGRESSIVE;
				CLANG_CXX_LANGUAGE_STANDARD = "gnu++14";
				CLANG_CXX_LIBRARY = "libc++";
				CLANG_ENABLE_MODULES = YES;
				CLANG_ENABLE_OBJC_ARC = YES;
				CLANG_WARN_BLOCK_CAPTURE_AUTORELEASING = YES;
				CLANG_WARN_BOOL_CONVERSION = YES;
				CLANG_WARN_COMMA = YES;
				CLANG_WARN_CONSTANT_CONVERSION = YES;
				CLANG_WARN_DIRECT_OBJC_ISA_USAGE = YES_ERROR;
				CLANG_WARN_DOCUMENTATION_COMMENTS = YES;
				CLANG_WARN_EMPTY_BODY = YES;
				CLANG_WARN_ENUM_CONVERSION = YES;
				CLANG_WARN_INFINITE_RECURSION = YES;
				CLANG_WARN_INT_CONVERSION = YES;
				CLANG_WARN_NON_LITERAL_NULL_CONVERSION = YES;
				CLANG_WARN_OBJC_LITERAL_CONVERSION = YES;
				CLANG_WARN_OBJC_ROOT_CLASS = YES_ERROR;
				CLANG_WARN_RANGE_LOOP_ANALYSIS = YES;
				CLANG_WARN_STRICT_PROTOTYPES = YES;
				CLANG_WARN_SUSPICIOUS_MOVE = YES;
				CLANG_WARN_UNGUARDED_AVAILABILITY = YES_AGGRESSIVE;
				CLANG_WARN_UNREACHABLE_CODE = YES;
				CLANG_WARN__DUPLICATE_METHOD_MATCH = YES;
				CODE_SIGN_IDENTITY = "Mac Developer";
				COPY_PHASE_STRIP = NO;
				DEBUG_INFORMATION_FORMAT = dwarf;
				ENABLE_STRICT_OBJC_MSGSEND = YES;
				ENABLE_TESTABILITY = YES;
				GCC_C_LANGUAGE_STANDARD = gnu11;
				GCC_DYNAMIC_NO_PIC = NO;
				GCC_NO_COMMON_BLOCKS = YES;
				GCC_OPTIMIZATION_LEVEL = 0;
				GCC_PREPROCESSOR_DEFINITIONS = (
					"DEBUG=1",
					"$(inherited)",
				);
				GCC_WARN_64_TO_32_BIT_CONVERSION = YES;
				GCC_WARN_ABOUT_RETURN_TYPE = YES_ERROR;
				GCC_WARN_UNDECLARED_SELECTOR = YES;
				GCC_WARN_UNINITIALIZED_AUTOS = YES_AGGRESSIVE;
				GCC_WARN_UNUSED_FUNCTION = YES;
				GCC_WARN_UNUSED_VARIABLE = YES;
				MACOSX_DEPLOYMENT_TARGET = 10.13;
				MTL_ENABLE_DEBUG_INFO = YES;
				ONLY_ACTIVE_ARCH = YES;
				SDKROOT = macosx;
				SWIFT_ACTIVE_COMPILATION_CONDITIONS = DEBUG;
				SWIFT_OPTIMIZATION_LEVEL = "-Onone";
			};
			name = Debug;
		};
		F9F0167A1FFC6E1C00D5DD3D /* Release */ = {
			isa = XCBuildConfiguration;
			buildSettings = {
				ALWAYS_SEARCH_USER_PATHS = NO;
				CLANG_ANALYZER_NONNULL = YES;
				CLANG_ANALYZER_NUMBER_OBJECT_CONVERSION = YES_AGGRESSIVE;
				CLANG_CXX_LANGUAGE_STANDARD = "gnu++14";
				CLANG_CXX_LIBRARY = "libc++";
				CLANG_ENABLE_MODULES = YES;
				CLANG_ENABLE_OBJC_ARC = YES;
				CLANG_WARN_BLOCK_CAPTURE_AUTORELEASING = YES;
				CLANG_WARN_BOOL_CONVERSION = YES;
				CLANG_WARN_COMMA = YES;
				CLANG_WARN_CONSTANT_CONVERSION = YES;
				CLANG_WARN_DIRECT_OBJC_ISA_USAGE = YES_ERROR;
				CLANG_WARN_DOCUMENTATION_COMMENTS = YES;
				CLANG_WARN_EMPTY_BODY = YES;
				CLANG_WARN_ENUM_CONVERSION = YES;
				CLANG_WARN_INFINITE_RECURSION = YES;
				CLANG_WARN_INT_CONVERSION = YES;
				CLANG_WARN_NON_LITERAL_NULL_CONVERSION = YES;
				CLANG_WARN_OBJC_LITERAL_CONVERSION = YES;
				CLANG_WARN_OBJC_ROOT_CLASS = YES_ERROR;
				CLANG_WARN_RANGE_LOOP_ANALYSIS = YES;
				CLANG_WARN_STRICT_PROTOTYPES = YES;
				CLANG_WARN_SUSPICIOUS_MOVE = YES;
				CLANG_WARN_UNGUARDED_AVAILABILITY = YES_AGGRESSIVE;
				CLANG_WARN_UNREACHABLE_CODE = YES;
				CLANG_WARN__DUPLICATE_METHOD_MATCH = YES;
				CODE_SIGN_IDENTITY = "Mac Developer";
				COPY_PHASE_STRIP = NO;
				DEBUG_INFORMATION_FORMAT = "dwarf-with-dsym";
				ENABLE_NS_ASSERTIONS = NO;
				ENABLE_STRICT_OBJC_MSGSEND = YES;
				GCC_C_LANGUAGE_STANDARD = gnu11;
				GCC_NO_COMMON_BLOCKS = YES;
				GCC_WARN_64_TO_32_BIT_CONVERSION = YES;
				GCC_WARN_ABOUT_RETURN_TYPE = YES_ERROR;
				GCC_WARN_UNDECLARED_SELECTOR = YES;
				GCC_WARN_UNINITIALIZED_AUTOS = YES_AGGRESSIVE;
				GCC_WARN_UNUSED_FUNCTION = YES;
				GCC_WARN_UNUSED_VARIABLE = YES;
				MACOSX_DEPLOYMENT_TARGET = 10.13;
				MTL_ENABLE_DEBUG_INFO = NO;
				SDKROOT = macosx;
				SWIFT_OPTIMIZATION_LEVEL = "-Owholemodule";
			};
			name = Release;
		};
		F9F0167C1FFC6E1C00D5DD3D /* Debug */ = {
			isa = XCBuildConfiguration;
			buildSettings = {
				ASSETCATALOG_COMPILER_APPICON_NAME = AppIcon;
				CODE_SIGN_ENTITLEMENTS = RayTracer/RayTracer.entitlements;
				CODE_SIGN_STYLE = Automatic;
				COMBINE_HIDPI_IMAGES = YES;
				DEVELOPMENT_TEAM = U399TLZYHU;
				INFOPLIST_FILE = RayTracer/Info.plist;
				LD_RUNPATH_SEARCH_PATHS = "$(inherited) @executable_path/../Frameworks";
				PRODUCT_BUNDLE_IDENTIFIER = com.ayy.lmao.RayTracer;
				PRODUCT_NAME = "$(TARGET_NAME)";
				SWIFT_VERSION = 4.0;
			};
			name = Debug;
		};
		F9F0167D1FFC6E1C00D5DD3D /* Release */ = {
			isa = XCBuildConfiguration;
			buildSettings = {
				ASSETCATALOG_COMPILER_APPICON_NAME = AppIcon;
				CODE_SIGN_ENTITLEMENTS = RayTracer/RayTracer.entitlements;
				CODE_SIGN_STYLE = Automatic;
				COMBINE_HIDPI_IMAGES = YES;
				DEVELOPMENT_TEAM = U399TLZYHU;
				INFOPLIST_FILE = RayTracer/Info.plist;
				LD_RUNPATH_SEARCH_PATHS = "$(inherited) @executable_path/../Frameworks";
				PRODUCT_BUNDLE_IDENTIFIER = com.ayy.lmao.RayTracer;
				PRODUCT_NAME = "$(TARGET_NAME)";
				SWIFT_VERSION = 4.0;
			};
			name = Release;
		};
		F9F0167F1FFC6E1C00D5DD3D /* Debug */ = {
			isa = XCBuildConfiguration;
			buildSettings = {
				ALWAYS_EMBED_SWIFT_STANDARD_LIBRARIES = YES;
				BUNDLE_LOADER = "$(TEST_HOST)";
				CODE_SIGN_STYLE = Automatic;
				COMBINE_HIDPI_IMAGES = YES;
				DEVELOPMENT_TEAM = U399TLZYHU;
				INFOPLIST_FILE = RayTracerTests/Info.plist;
				LD_RUNPATH_SEARCH_PATHS = "$(inherited) @executable_path/../Frameworks @loader_path/../Frameworks";
				PRODUCT_BUNDLE_IDENTIFIER = com.ayy.lmao.RayTracerTests;
				PRODUCT_NAME = "$(TARGET_NAME)";
				SWIFT_VERSION = 4.0;
				TEST_HOST = "$(BUILT_PRODUCTS_DIR)/RayTracer.app/Contents/MacOS/RayTracer";
			};
			name = Debug;
		};
		F9F016801FFC6E1C00D5DD3D /* Release */ = {
			isa = XCBuildConfiguration;
			buildSettings = {
				ALWAYS_EMBED_SWIFT_STANDARD_LIBRARIES = YES;
				BUNDLE_LOADER = "$(TEST_HOST)";
				CODE_SIGN_STYLE = Automatic;
				COMBINE_HIDPI_IMAGES = YES;
				DEVELOPMENT_TEAM = U399TLZYHU;
				INFOPLIST_FILE = RayTracerTests/Info.plist;
				LD_RUNPATH_SEARCH_PATHS = "$(inherited) @executable_path/../Frameworks @loader_path/../Frameworks";
				PRODUCT_BUNDLE_IDENTIFIER = com.ayy.lmao.RayTracerTests;
				PRODUCT_NAME = "$(TARGET_NAME)";
				SWIFT_VERSION = 4.0;
				TEST_HOST = "$(BUILT_PRODUCTS_DIR)/RayTracer.app/Contents/MacOS/RayTracer";
			};
			name = Release;
		};
/* End XCBuildConfiguration section */

/* Begin XCConfigurationList section */
		F9F0165B1FFC6E1C00D5DD3D /* Build configuration list for PBXProject "RayTracer" */ = {
			isa = XCConfigurationList;
			buildConfigurations = (
				F9F016791FFC6E1C00D5DD3D /* Debug */,
				F9F0167A1FFC6E1C00D5DD3D /* Release */,
			);
			defaultConfigurationIsVisible = 0;
			defaultConfigurationName = Release;
		};
		F9F0167B1FFC6E1C00D5DD3D /* Build configuration list for PBXNativeTarget "RayTracer" */ = {
			isa = XCConfigurationList;
			buildConfigurations = (
				F9F0167C1FFC6E1C00D5DD3D /* Debug */,
				F9F0167D1FFC6E1C00D5DD3D /* Release */,
			);
			defaultConfigurationIsVisible = 0;
			defaultConfigurationName = Release;
		};
		F9F0167E1FFC6E1C00D5DD3D /* Build configuration list for PBXNativeTarget "RayTracerTests" */ = {
			isa = XCConfigurationList;
			buildConfigurations = (
				F9F0167F1FFC6E1C00D5DD3D /* Debug */,
				F9F016801FFC6E1C00D5DD3D /* Release */,
			);
			defaultConfigurationIsVisible = 0;
			defaultConfigurationName = Release;
		};
/* End XCConfigurationList section */
	};
	rootObject = F9F016581FFC6E1C00D5DD3D /* Project object */;
}
